
Microsoft Visual Studio Solution File, Format Version 12.00
# Visual Studio Version 17
VisualStudioVersion = 17.9.34622.214
MinimumVisualStudioVersion = 10.0.40219.1
Project("{FAE04EC0-301F-11D3-BF4B-00C04F79EFBC}") = "ProyectoFinal", "ProyectoFinal\ProyectoFinal.csproj", "{B7857744-DE74-4ED4-85EF-8EC3A9E24664}"
EndProject
Project("{FAE04EC0-301F-11D3-BF4B-00C04F79EFBC}") = "ClassLibrary", "ClassLibrary\ClassLibrary.csproj", "{172837DE-86FA-4311-A20E-079AE04E51BA}"
EndProject
Global
	GlobalSection(SolutionConfigurationPlatforms) = preSolution
		Debug|Any CPU = Debug|Any CPU
		Release|Any CPU = Release|Any CPU
	EndGlobalSection
	GlobalSection(ProjectConfigurationPlatforms) = postSolution
		{B7857744-DE74-4ED4-85EF-8EC3A9E24664}.Debug|Any CPU.ActiveCfg = Debug|Any CPU
		{B7857744-DE74-4ED4-85EF-8EC3A9E24664}.Debug|Any CPU.Build.0 = Debug|Any CPU
		{B7857744-DE74-4ED4-85EF-8EC3A9E24664}.Release|Any CPU.ActiveCfg = Release|Any CPU
		{B7857744-DE74-4ED4-85EF-8EC3A9E24664}.Release|Any CPU.Build.0 = Release|Any CPU
		{172837DE-86FA-4311-A20E-079AE04E51BA}.Debug|Any CPU.ActiveCfg = Debug|Any CPU
		{172837DE-86FA-4311-A20E-079AE04E51BA}.Debug|Any CPU.Build.0 = Debug|Any CPU
		{172837DE-86FA-4311-A20E-079AE04E51BA}.Release|Any CPU.ActiveCfg = Release|Any CPU
		{172837DE-86FA-4311-A20E-079AE04E51BA}.Release|Any CPU.Build.0 = Release|Any CPU
	EndGlobalSection
	GlobalSection(SolutionProperties) = preSolution
		HideSolutionNode = FALSE
	EndGlobalSection
	GlobalSection(ExtensibilityGlobals) = postSolution
		SolutionGuid = {303B3809-B92D-403B-BC2B-BC23DD14B987}
	EndGlobalSection
EndGlobal
